
Microsoft Visual Studio Solution File, Format Version 12.00
# Visual Studio Version 17
VisualStudioVersion = 17.8.34525.116
MinimumVisualStudioVersion = 10.0.40219.1
Project("{FAE04EC0-301F-11D3-BF4B-00C04F79EFBC}") = "SQLInjectionTest", "SQLInjectionTest\SQLInjectionTest.csproj", "{BF715677-6BAD-4C73-BA68-F0C61E0A7D6D}"
EndProject
Global
	GlobalSection(SolutionConfigurationPlatforms) = preSolution
		Debug|Any CPU = Debug|Any CPU
		Release|Any CPU = Release|Any CPU
	EndGlobalSection
	GlobalSection(ProjectConfigurationPlatforms) = postSolution
		{BF715677-6BAD-4C73-BA68-F0C61E0A7D6D}.Debug|Any CPU.ActiveCfg = Debug|Any CPU
		{BF715677-6BAD-4C73-BA68-F0C61E0A7D6D}.Debug|Any CPU.Build.0 = Debug|Any CPU
		{BF715677-6BAD-4C73-BA68-F0C61E0A7D6D}.Release|Any CPU.ActiveCfg = Release|Any CPU
		{BF715677-6BAD-4C73-BA68-F0C61E0A7D6D}.Release|Any CPU.Build.0 = Release|Any CPU
	EndGlobalSection
	GlobalSection(SolutionProperties) = preSolution
		HideSolutionNode = FALSE
	EndGlobalSection
	GlobalSection(ExtensibilityGlobals) = postSolution
		SolutionGuid = {B94EDF1A-67D9-414E-AEC0-CFE402AE46AA}
	EndGlobalSection
EndGlobal
